<Solution>
  <Folder Name="/src/">
    <Project Path="EduFlyUp.BusinessObjects/EduFlyUp.BusinessObjects.csproj" />
    <Project Path="EduFlyUp.DataAccess/EduFlyUp.DataAccess.csproj" />
    <Project Path="EduFlyUp.Repositories/EduFlyUp.Repositories.csproj" />
    <Project Path="EduFlyUp.Services/EduFlyUp.Services.csproj" />
    <Project Path="EduFlyUp.Web/EduFlyUp.Web.csproj" />
  </Folder>
</Solution>
